
Microsoft Visual Studio Solution File, Format Version 12.00
# Visual Studio Version 17
VisualStudioVersion = 17.4.33213.308
MinimumVisualStudioVersion = 10.0.40219.1
Project("{9A19103F-16F7-4668-BE54-9A1E7A4F7556}") = "CsabaDu.Foo_Var.Common", "CsabaDu.Foo_Var.Common\CsabaDu.Foo_Var.Common.csproj", "{C3679880-203B-4F67-ABB2-4E53F9C7139A}"
EndProject
Project("{9A19103F-16F7-4668-BE54-9A1E7A4F7556}") = "CsabaDu.Foo_Var.Measures", "CsabaDu.Foo_Var.Measures\CsabaDu.Foo_Var.Measures.csproj", "{7F6CE032-03E2-4CAA-ACBF-5466EBE8A4E1}"
EndProject
Project("{9A19103F-16F7-4668-BE54-9A1E7A4F7556}") = "CsabaDu.Foo_Var.Geometrics", "CsabaDu.Foo_Var.Geometrics\CsabaDu.Foo_Var.Geometrics.csproj", "{9D4646D6-9231-4A81-99A9-806374E289EB}"
EndProject
Project("{9A19103F-16F7-4668-BE54-9A1E7A4F7556}") = "CsabaDu.Foo_Var.Tests", "CsabaDu.Foo_Var.Tests\CsabaDu.Foo_Var.Tests.csproj", "{5B1B3C2F-9423-4A6C-BC4E-BAED7154AD8C}"
EndProject
Project("{FAE04EC0-301F-11D3-BF4B-00C04F79EFBC}") = "CsabaDu.Foo_Var.Cargoes", "CsabaDu.Foo_Var.Cargoes\CsabaDu.Foo_Var.Cargoes.csproj", "{E9924F73-B509-40A0-81A7-099618B52699}"
EndProject
Global
	GlobalSection(SolutionConfigurationPlatforms) = preSolution
		Debug|Any CPU = Debug|Any CPU
		Release|Any CPU = Release|Any CPU
	EndGlobalSection
	GlobalSection(ProjectConfigurationPlatforms) = postSolution
		{C3679880-203B-4F67-ABB2-4E53F9C7139A}.Debug|Any CPU.ActiveCfg = Debug|Any CPU
		{C3679880-203B-4F67-ABB2-4E53F9C7139A}.Debug|Any CPU.Build.0 = Debug|Any CPU
		{C3679880-203B-4F67-ABB2-4E53F9C7139A}.Release|Any CPU.ActiveCfg = Release|Any CPU
		{C3679880-203B-4F67-ABB2-4E53F9C7139A}.Release|Any CPU.Build.0 = Release|Any CPU
		{7F6CE032-03E2-4CAA-ACBF-5466EBE8A4E1}.Debug|Any CPU.ActiveCfg = Debug|Any CPU
		{7F6CE032-03E2-4CAA-ACBF-5466EBE8A4E1}.Debug|Any CPU.Build.0 = Debug|Any CPU
		{7F6CE032-03E2-4CAA-ACBF-5466EBE8A4E1}.Release|Any CPU.ActiveCfg = Release|Any CPU
		{7F6CE032-03E2-4CAA-ACBF-5466EBE8A4E1}.Release|Any CPU.Build.0 = Release|Any CPU
		{9D4646D6-9231-4A81-99A9-806374E289EB}.Debug|Any CPU.ActiveCfg = Debug|Any CPU
		{9D4646D6-9231-4A81-99A9-806374E289EB}.Debug|Any CPU.Build.0 = Debug|Any CPU
		{9D4646D6-9231-4A81-99A9-806374E289EB}.Release|Any CPU.ActiveCfg = Release|Any CPU
		{9D4646D6-9231-4A81-99A9-806374E289EB}.Release|Any CPU.Build.0 = Release|Any CPU
		{5B1B3C2F-9423-4A6C-BC4E-BAED7154AD8C}.Debug|Any CPU.ActiveCfg = Debug|Any CPU
		{5B1B3C2F-9423-4A6C-BC4E-BAED7154AD8C}.Debug|Any CPU.Build.0 = Debug|Any CPU
		{5B1B3C2F-9423-4A6C-BC4E-BAED7154AD8C}.Release|Any CPU.ActiveCfg = Release|Any CPU
		{5B1B3C2F-9423-4A6C-BC4E-BAED7154AD8C}.Release|Any CPU.Build.0 = Release|Any CPU
		{E9924F73-B509-40A0-81A7-099618B52699}.Debug|Any CPU.ActiveCfg = Debug|Any CPU
		{E9924F73-B509-40A0-81A7-099618B52699}.Debug|Any CPU.Build.0 = Debug|Any CPU
		{E9924F73-B509-40A0-81A7-099618B52699}.Release|Any CPU.ActiveCfg = Release|Any CPU
		{E9924F73-B509-40A0-81A7-099618B52699}.Release|Any CPU.Build.0 = Release|Any CPU
	EndGlobalSection
	GlobalSection(SolutionProperties) = preSolution
		HideSolutionNode = FALSE
	EndGlobalSection
	GlobalSection(ExtensibilityGlobals) = postSolution
		SolutionGuid = {82DEB0F4-E000-418D-B99E-3ABF0B4AA645}
	EndGlobalSection
EndGlobal
